// !$*UTF8*$!
{
	archiveVersion = 1;
	classes = {
	};
	objectVersion = 77;
	objects = {

/* Begin PBXBuildFile section */
		91C441472CF7B67300DE55ED /* MetalPerformanceShaders.framework in Frameworks */ = {isa = PBXBuildFile; fileRef = 91C441462CF7B67300DE55ED /* MetalPerformanceShaders.framework */; };
		91C441492CF7B67900DE55ED /* Metal.framework in Frameworks */ = {isa = PBXBuildFile; fileRef = 91C441482CF7B67900DE55ED /* Metal.framework */; };
		91C442F42CF7C2C800DE55ED /* Foundation.framework in Frameworks */ = {isa = PBXBuildFile; fileRef = 91C4414A2CF7B68200DE55ED /* Foundation.framework */; };
/* End PBXBuildFile section */

/* Begin PBXCopyFilesBuildPhase section */
		91C420F72CF7ACEB00DE55ED /* CopyFiles */ = {
			isa = PBXCopyFilesBuildPhase;
			buildActionMask = 2147483647;
			dstPath = /usr/share/man/man1/;
			dstSubfolderSpec = 0;
			files = (
			);
			runOnlyForDeploymentPostprocessing = 1;
		};
/* End PBXCopyFilesBuildPhase section */

/* Begin PBXFileReference section */
		91C420F92CF7ACEB00DE55ED /* QuixiCoreMetal */ = {isa = PBXFileReference; explicitFileType = "compiled.mach-o.executable"; includeInIndex = 0; path = QuixiCoreMetal; sourceTree = BUILT_PRODUCTS_DIR; };
		91C441462CF7B67300DE55ED /* MetalPerformanceShaders.framework */ = {isa = PBXFileReference; lastKnownFileType = wrapper.framework; name = MetalPerformanceShaders.framework; path = System/Library/Frameworks/MetalPerformanceShaders.framework; sourceTree = SDKROOT; };
		91C441482CF7B67900DE55ED /* Metal.framework */ = {isa = PBXFileReference; lastKnownFileType = wrapper.framework; name = Metal.framework; path = System/Library/Frameworks/Metal.framework; sourceTree = SDKROOT; };
		91C4414A2CF7B68200DE55ED /* Foundation.framework */ = {isa = PBXFileReference; lastKnownFileType = wrapper.framework; name = Foundation.framework; path = System/Library/Frameworks/Foundation.framework; sourceTree = SDKROOT; };
/* End PBXFileReference section */

/* Begin PBXFileSystemSynchronizedBuildFileExceptionSet section */
		91C421B32CF7AD3700DE55ED /* Exceptions for "QuixiCoreMetal" folder in "QuixiCoreMetal" target */ = {
			isa = PBXFileSystemSynchronizedBuildFileExceptionSet;
			additionalCompilerFlagsByRelativePath = {
			};
			membershipExceptions = (
			);
			target = 91C420F82CF7ACEB00DE55ED /* QuixiCoreMetal */;
		};
/* End PBXFileSystemSynchronizedBuildFileExceptionSet section */

/* Begin PBXFileSystemSynchronizedRootGroup section */
		91C420FB2CF7ACEB00DE55ED /* QuixiCoreMetal */ = {
			isa = PBXFileSystemSynchronizedRootGroup;
			exceptions = (
				91C421B32CF7AD3700DE55ED /* Exceptions for "QuixiCoreMetal" folder in "QuixiCoreMetal" target */,
			);
			path = tests/unit;
			sourceTree = "<group>";
		};
/* End PBXFileSystemSynchronizedRootGroup section */

/* Begin PBXFrameworksBuildPhase section */
		91C420F62CF7ACEB00DE55ED /* Frameworks */ = {
			isa = PBXFrameworksBuildPhase;
			buildActionMask = 2147483647;
			files = (
				91C442F42CF7C2C800DE55ED /* Foundation.framework in Frameworks */,
				91C441492CF7B67900DE55ED /* Metal.framework in Frameworks */,
				91C441472CF7B67300DE55ED /* MetalPerformanceShaders.framework in Frameworks */,
			);
			runOnlyForDeploymentPostprocessing = 0;
		};
/* End PBXFrameworksBuildPhase section */

/* Begin PBXGroup section */
		91C420F02CF7ACEB00DE55ED = {
			isa = PBXGroup;
			children = (
				91C420FB2CF7ACEB00DE55ED /* QuixiCoreMetal */,
				91C441452CF7B67300DE55ED /* Frameworks */,
				91C420FA2CF7ACEB00DE55ED /* Products */,
			);
			sourceTree = "<group>";
		};
		91C420FA2CF7ACEB00DE55ED /* Products */ = {
			isa = PBXGroup;
			children = (
				91C420F92CF7ACEB00DE55ED /* QuixiCoreMetal */,
			);
			name = Products;
			sourceTree = "<group>";
		};
		91C441452CF7B67300DE55ED /* Frameworks */ = {
			isa = PBXGroup;
			children = (
				91C4414A2CF7B68200DE55ED /* Foundation.framework */,
				91C441482CF7B67900DE55ED /* Metal.framework */,
				91C441462CF7B67300DE55ED /* MetalPerformanceShaders.framework */,
			);
			name = Frameworks;
			sourceTree = "<group>";
		};
/* End PBXGroup section */

/* Begin PBXNativeTarget section */
		91C420F82CF7ACEB00DE55ED /* QuixiCoreMetal */ = {
			isa = PBXNativeTarget;
			buildConfigurationList = 91C421002CF7ACEB00DE55ED /* Build configuration list for PBXNativeTarget "QuixiCoreMetal" */;
			buildPhases = (
				91C420F52CF7ACEB00DE55ED /* Sources */,
				91C420F62CF7ACEB00DE55ED /* Frameworks */,
				91C420F72CF7ACEB00DE55ED /* CopyFiles */,
			);
			buildRules = (
			);
			dependencies = (
			);
			fileSystemSynchronizedGroups = (
				91C420FB2CF7ACEB00DE55ED /* QuixiCoreMetal */,
			);
			name = QuixiCoreMetal;
			packageProductDependencies = (
			);
			productName = QuixiCoreMetal;
			productReference = 91C420F92CF7ACEB00DE55ED /* QuixiCoreMetal */;
			productType = "com.apple.product-type.tool";
		};
/* End PBXNativeTarget section */

/* Begin PBXProject section */
		91C420F12CF7ACEB00DE55ED /* Project object */ = {
			isa = PBXProject;
			attributes = {
				BuildIndependentTargetsInParallel = 1;
				LastUpgradeCheck = 1600;
				TargetAttributes = {
					91C420F82CF7ACEB00DE55ED = {
						CreatedOnToolsVersion = 16.0;
					};
				};
			};
			buildConfigurationList = 91C420F42CF7ACEB00DE55ED /* Build configuration list for PBXProject "QuixiCoreMetal" */;
			developmentRegion = en;
			hasScannedForEncodings = 0;
			knownRegions = (
				en,
				Base,
			);
			mainGroup = 91C420F02CF7ACEB00DE55ED;
			minimizedProjectReferenceProxies = 1;
			preferredProjectObjectVersion = 77;
			productRefGroup = 91C420FA2CF7ACEB00DE55ED /* Products */;
			projectDirPath = "";
			projectRoot = "";
			targets = (
				91C420F82CF7ACEB00DE55ED /* QuixiCoreMetal */,
			);
		};
/* End PBXProject section */

/* Begin PBXSourcesBuildPhase section */
		91C420F52CF7ACEB00DE55ED /* Sources */ = {
			isa = PBXSourcesBuildPhase;
			buildActionMask = 2147483647;
			files = (
			);
			runOnlyForDeploymentPostprocessing = 0;
		};
/* End PBXSourcesBuildPhase section */

/* Begin XCBuildConfiguration section */
		91C420FE2CF7ACEB00DE55ED /* Debug */ = {
			isa = XCBuildConfiguration;
			buildSettings = {
				ALWAYS_SEARCH_USER_PATHS = NO;
				ASSETCATALOG_COMPILER_GENERATE_SWIFT_ASSET_SYMBOL_EXTENSIONS = YES;
				CLANG_ANALYZER_NONNULL = YES;
				CLANG_ANALYZER_NUMBER_OBJECT_CONVERSION = YES_AGGRESSIVE;
				CLANG_CXX_LANGUAGE_STANDARD = "gnu++20";
				CLANG_ENABLE_MODULES = YES;
				CLANG_ENABLE_OBJC_ARC = YES;
				CLANG_ENABLE_OBJC_WEAK = YES;
				CLANG_WARN_BLOCK_CAPTURE_AUTORELEASING = YES;
				CLANG_WARN_BOOL_CONVERSION = YES;
				CLANG_WARN_COMMA = YES;
				CLANG_WARN_CONSTANT_CONVERSION = YES;
				CLANG_WARN_DEPRECATED_OBJC_IMPLEMENTATIONS = YES;
				CLANG_WARN_DIRECT_OBJC_ISA_USAGE = YES_ERROR;
				CLANG_WARN_DOCUMENTATION_COMMENTS = YES;
				CLANG_WARN_EMPTY_BODY = YES;
				CLANG_WARN_ENUM_CONVERSION = YES;
				CLANG_WARN_INFINITE_RECURSION = YES;
				CLANG_WARN_INT_CONVERSION = YES;
				CLANG_WARN_NON_LITERAL_NULL_CONVERSION = YES;
				CLANG_WARN_OBJC_IMPLICIT_RETAIN_SELF = YES;
				CLANG_WARN_OBJC_LITERAL_CONVERSION = YES;
				CLANG_WARN_OBJC_ROOT_CLASS = YES_ERROR;
				CLANG_WARN_QUOTED_INCLUDE_IN_FRAMEWORK_HEADER = YES;
				CLANG_WARN_RANGE_LOOP_ANALYSIS = YES;
				CLANG_WARN_STRICT_PROTOTYPES = YES;
				CLANG_WARN_SUSPICIOUS_MOVE = YES;
				CLANG_WARN_UNGUARDED_AVAILABILITY = YES_AGGRESSIVE;
				CLANG_WARN_UNREACHABLE_CODE = YES;
				CLANG_WARN__DUPLICATE_METHOD_MATCH = YES;
				COPY_PHASE_STRIP = NO;
				DEBUG_INFORMATION_FORMAT = dwarf;
				ENABLE_STRICT_OBJC_MSGSEND = YES;
				ENABLE_TESTABILITY = YES;
				ENABLE_USER_SCRIPT_SANDBOXING = YES;
				GCC_C_LANGUAGE_STANDARD = gnu17;
				GCC_DYNAMIC_NO_PIC = NO;
				GCC_NO_COMMON_BLOCKS = YES;
				GCC_OPTIMIZATION_LEVEL = 0;
				GCC_PREPROCESSOR_DEFINITIONS = (
					"DEBUG=1",
					"$(inherited)",
				);
				GCC_WARN_64_TO_32_BIT_CONVERSION = YES;
				GCC_WARN_ABOUT_RETURN_TYPE = YES_ERROR;
				GCC_WARN_UNDECLARED_SELECTOR = YES;
				GCC_WARN_UNINITIALIZED_AUTOS = YES_AGGRESSIVE;
				GCC_WARN_UNUSED_FUNCTION = YES;
				GCC_WARN_UNUSED_VARIABLE = YES;
				LOCALIZATION_PREFERS_STRING_CATALOGS = YES;
				MACOSX_DEPLOYMENT_TARGET = 14.5;
				MTL_ENABLE_DEBUG_INFO = INCLUDE_SOURCE;
				MTL_FAST_MATH = YES;
				ONLY_ACTIVE_ARCH = YES;
				SDKROOT = macosx;
			};
			name = Debug;
		};
		91C420FF2CF7ACEB00DE55ED /* Release */ = {
			isa = XCBuildConfiguration;
			buildSettings = {
				ALWAYS_SEARCH_USER_PATHS = NO;
				ASSETCATALOG_COMPILER_GENERATE_SWIFT_ASSET_SYMBOL_EXTENSIONS = YES;
				CLANG_ANALYZER_NONNULL = YES;
				CLANG_ANALYZER_NUMBER_OBJECT_CONVERSION = YES_AGGRESSIVE;
				CLANG_CXX_LANGUAGE_STANDARD = "gnu++20";
				CLANG_ENABLE_MODULES = YES;
				CLANG_ENABLE_OBJC_ARC = YES;
				CLANG_ENABLE_OBJC_WEAK = YES;
				CLANG_WARN_BLOCK_CAPTURE_AUTORELEASING = YES;
				CLANG_WARN_BOOL_CONVERSION = YES;
				CLANG_WARN_COMMA = YES;
				CLANG_WARN_CONSTANT_CONVERSION = YES;
				CLANG_WARN_DEPRECATED_OBJC_IMPLEMENTATIONS = YES;
				CLANG_WARN_DIRECT_OBJC_ISA_USAGE = YES_ERROR;
				CLANG_WARN_DOCUMENTATION_COMMENTS = YES;
				CLANG_WARN_EMPTY_BODY = YES;
				CLANG_WARN_ENUM_CONVERSION = YES;
				CLANG_WARN_INFINITE_RECURSION = YES;
				CLANG_WARN_INT_CONVERSION = YES;
				CLANG_WARN_NON_LITERAL_NULL_CONVERSION = YES;
				CLANG_WARN_OBJC_IMPLICIT_RETAIN_SELF = YES;
				CLANG_WARN_OBJC_LITERAL_CONVERSION = YES;
				CLANG_WARN_OBJC_ROOT_CLASS = YES_ERROR;
				CLANG_WARN_QUOTED_INCLUDE_IN_FRAMEWORK_HEADER = YES;
				CLANG_WARN_RANGE_LOOP_ANALYSIS = YES;
				CLANG_WARN_STRICT_PROTOTYPES = YES;
				CLANG_WARN_SUSPICIOUS_MOVE = YES;
				CLANG_WARN_UNGUARDED_AVAILABILITY = YES_AGGRESSIVE;
				CLANG_WARN_UNREACHABLE_CODE = YES;
				CLANG_WARN__DUPLICATE_METHOD_MATCH = YES;
				COPY_PHASE_STRIP = NO;
				DEBUG_INFORMATION_FORMAT = "dwarf-with-dsym";
				ENABLE_NS_ASSERTIONS = NO;
				ENABLE_STRICT_OBJC_MSGSEND = YES;
				ENABLE_USER_SCRIPT_SANDBOXING = YES;
				GCC_C_LANGUAGE_STANDARD = gnu17;
				GCC_NO_COMMON_BLOCKS = YES;
				GCC_WARN_64_TO_32_BIT_CONVERSION = YES;
				GCC_WARN_ABOUT_RETURN_TYPE = YES_ERROR;
				GCC_WARN_UNDECLARED_SELECTOR = YES;
				GCC_WARN_UNINITIALIZED_AUTOS = YES_AGGRESSIVE;
				GCC_WARN_UNUSED_FUNCTION = YES;
				GCC_WARN_UNUSED_VARIABLE = YES;
				LOCALIZATION_PREFERS_STRING_CATALOGS = YES;
				MACOSX_DEPLOYMENT_TARGET = 14.5;
				MTL_ENABLE_DEBUG_INFO = NO;
				MTL_FAST_MATH = YES;
				SDKROOT = macosx;
			};
			name = Release;
		};
		91C421012CF7ACEB00DE55ED /* Debug */ = {
			isa = XCBuildConfiguration;
			buildSettings = {
				CODE_SIGN_STYLE = Automatic;
				HEADER_SEARCH_PATHS = "$(SRCROOT)/include";
					LIBRARY_SEARCH_PATHS = (
						"$(inherited)",
						"$(PROJECT_DIR)/bindings/python/tk",
					);
				MTL_COMPILER_FLAGS = "";
				MTL_ENABLE_DEBUG_INFO = NO;
				MTL_HEADER_SEARCH_PATHS = "$(SRCROOT)/include/metal";
				MTL_MATH_FP32_FUNCTIONS = FAST;
				MTL_MATH_MODE = FAST;
				PRODUCT_NAME = "$(TARGET_NAME)";
			};
			name = Debug;
		};
		91C421022CF7ACEB00DE55ED /* Release */ = {
			isa = XCBuildConfiguration;
			buildSettings = {
				CODE_SIGN_STYLE = Automatic;
				HEADER_SEARCH_PATHS = "$(SRCROOT)/include";
					LIBRARY_SEARCH_PATHS = (
						"$(inherited)",
						"$(PROJECT_DIR)/bindings/python/tk",
					);
				MTL_COMPILER_FLAGS = "";
				MTL_HEADER_SEARCH_PATHS = "$(SRCROOT)/include/metal";
				MTL_MATH_FP32_FUNCTIONS = FAST;
				MTL_MATH_MODE = FAST;
				PRODUCT_NAME = "$(TARGET_NAME)";
			};
			name = Release;
		};
/* End XCBuildConfiguration section */

/* Begin XCConfigurationList section */
		91C420F42CF7ACEB00DE55ED /* Build configuration list for PBXProject "QuixiCoreMetal" */ = {
			isa = XCConfigurationList;
			buildConfigurations = (
				91C420FE2CF7ACEB00DE55ED /* Debug */,
				91C420FF2CF7ACEB00DE55ED /* Release */,
			);
			defaultConfigurationIsVisible = 0;
			defaultConfigurationName = Release;
		};
		91C421002CF7ACEB00DE55ED /* Build configuration list for PBXNativeTarget "QuixiCoreMetal" */ = {
			isa = XCConfigurationList;
			buildConfigurations = (
				91C421012CF7ACEB00DE55ED /* Debug */,
				91C421022CF7ACEB00DE55ED /* Release */,
			);
			defaultConfigurationIsVisible = 0;
			defaultConfigurationName = Release;
		};
/* End XCConfigurationList section */
	};
	rootObject = 91C420F12CF7ACEB00DE55ED /* Project object */;
}
